
Microsoft Visual Studio Solution File, Format Version 12.00
# Visual Studio Version 17
VisualStudioVersion = 17.14.36616.10 d17.14
MinimumVisualStudioVersion = 10.0.40219.1
Project("{FAE04EC0-301F-11D3-BF4B-00C04F79EFBC}") = "fib", "PracticodeProject1\fib.csproj", "{60A31113-3F16-4D38-BF86-80F4B25F2670}"
EndProject
Global
	GlobalSection(SolutionConfigurationPlatforms) = preSolution
		Debug|Any CPU = Debug|Any CPU
		Release|Any CPU = Release|Any CPU
	EndGlobalSection
	GlobalSection(ProjectConfigurationPlatforms) = postSolution
		{60A31113-3F16-4D38-BF86-80F4B25F2670}.Debug|Any CPU.ActiveCfg = Debug|Any CPU
		{60A31113-3F16-4D38-BF86-80F4B25F2670}.Debug|Any CPU.Build.0 = Debug|Any CPU
		{60A31113-3F16-4D38-BF86-80F4B25F2670}.Release|Any CPU.ActiveCfg = Release|Any CPU
		{60A31113-3F16-4D38-BF86-80F4B25F2670}.Release|Any CPU.Build.0 = Release|Any CPU
	EndGlobalSection
	GlobalSection(SolutionProperties) = preSolution
		HideSolutionNode = FALSE
	EndGlobalSection
	GlobalSection(ExtensibilityGlobals) = postSolution
		SolutionGuid = {321B8FF4-8BF2-4F74-9C28-72115428AAAA}
	EndGlobalSection
EndGlobal
